
Microsoft Visual Studio Solution File, Format Version 12.00
# Visual Studio Version 17
VisualStudioVersion = 17.6.33801.468
MinimumVisualStudioVersion = 10.0.40219.1
Project("{FAE04EC0-301F-11D3-BF4B-00C04F79EFBC}") = "Erp.Social.Sendo", "Erp.Social.Sendo\Erp.Social.Sendo.csproj", "{BBDC0393-B25E-4178-9DE3-7CBDB36EDB9D}"
EndProject
Global
	GlobalSection(SolutionConfigurationPlatforms) = preSolution
		Debug|Any CPU = Debug|Any CPU
		Release|Any CPU = Release|Any CPU
	EndGlobalSection
	GlobalSection(ProjectConfigurationPlatforms) = postSolution
		{BBDC0393-B25E-4178-9DE3-7CBDB36EDB9D}.Debug|Any CPU.ActiveCfg = Debug|Any CPU
		{BBDC0393-B25E-4178-9DE3-7CBDB36EDB9D}.Debug|Any CPU.Build.0 = Debug|Any CPU
		{BBDC0393-B25E-4178-9DE3-7CBDB36EDB9D}.Release|Any CPU.ActiveCfg = Release|Any CPU
		{BBDC0393-B25E-4178-9DE3-7CBDB36EDB9D}.Release|Any CPU.Build.0 = Release|Any CPU
	EndGlobalSection
	GlobalSection(SolutionProperties) = preSolution
		HideSolutionNode = FALSE
	EndGlobalSection
	GlobalSection(ExtensibilityGlobals) = postSolution
		SolutionGuid = {55402B7C-FEA2-4FC4-83D9-B4D1DC3DA13A}
	EndGlobalSection
EndGlobal
